
Microsoft Visual Studio Solution File, Format Version 12.00
# Visual Studio 15
VisualStudioVersion = 15.0.27428.2015
MinimumVisualStudioVersion = 10.0.40219.1
Project("{FAE04EC0-301F-11D3-BF4B-00C04F79EFBC}") = "ToDoEasyTables.Android", "ToDoEasyTables\ToDoEasyTables.Android\ToDoEasyTables.Android.csproj", "{F5091DE4-4D1C-4079-9C5E-0B2D970B5074}"
EndProject
Project("{FAE04EC0-301F-11D3-BF4B-00C04F79EFBC}") = "ToDoEasyTables.iOS", "ToDoEasyTables\ToDoEasyTables.iOS\ToDoEasyTables.iOS.csproj", "{53756279-21E0-4151-8AB4-4CB64AE3F5DE}"
EndProject
Project("{FAE04EC0-301F-11D3-BF4B-00C04F79EFBC}") = "ToDoEasyTables.UWP", "ToDoEasyTables\ToDoEasyTables.UWP\ToDoEasyTables.UWP.csproj", "{7B1EF56D-B63F-4CC5-9D5C-A172B9A54780}"
EndProject
Project("{9A19103F-16F7-4668-BE54-9A1E7A4F7556}") = "ToDoEasyTables", "ToDoEasyTables\ToDoEasyTables\ToDoEasyTables.csproj", "{29B80845-5E99-41C2-853D-D9B929E4367D}"
EndProject
Global
	GlobalSection(SolutionConfigurationPlatforms) = preSolution
		Ad-Hoc|Any CPU = Ad-Hoc|Any CPU
		Ad-Hoc|ARM = Ad-Hoc|ARM
		Ad-Hoc|iPhone = Ad-Hoc|iPhone
		Ad-Hoc|iPhoneSimulator = Ad-Hoc|iPhoneSimulator
		Ad-Hoc|x64 = Ad-Hoc|x64
		Ad-Hoc|x86 = Ad-Hoc|x86
		AppStore|Any CPU = AppStore|Any CPU
		AppStore|ARM = AppStore|ARM
		AppStore|iPhone = AppStore|iPhone
		AppStore|iPhoneSimulator = AppStore|iPhoneSimulator
		AppStore|x64 = AppStore|x64
		AppStore|x86 = AppStore|x86
		Debug|Any CPU = Debug|Any CPU
		Debug|ARM = Debug|ARM
		Debug|iPhone = Debug|iPhone
		Debug|iPhoneSimulator = Debug|iPhoneSimulator
		Debug|x64 = Debug|x64
		Debug|x86 = Debug|x86
		Release|Any CPU = Release|Any CPU
		Release|ARM = Release|ARM
		Release|iPhone = Release|iPhone
		Release|iPhoneSimulator = Release|iPhoneSimulator
		Release|x64 = Release|x64
		Release|x86 = Release|x86
	EndGlobalSection
	GlobalSection(ProjectConfigurationPlatforms) = postSolution
		{F5091DE4-4D1C-4079-9C5E-0B2D970B5074}.Ad-Hoc|Any CPU.ActiveCfg = Release|Any CPU
		{F5091DE4-4D1C-4079-9C5E-0B2D970B5074}.Ad-Hoc|Any CPU.Build.0 = Release|Any CPU
		{F5091DE4-4D1C-4079-9C5E-0B2D970B5074}.Ad-Hoc|Any CPU.Deploy.0 = Release|Any CPU
		{F5091DE4-4D1C-4079-9C5E-0B2D970B5074}.Ad-Hoc|ARM.ActiveCfg = Release|Any CPU
		{F5091DE4-4D1C-4079-9C5E-0B2D970B5074}.Ad-Hoc|ARM.Build.0 = Release|Any CPU
		{F5091DE4-4D1C-4079-9C5E-0B2D970B5074}.Ad-Hoc|ARM.Deploy.0 = Release|Any CPU
		{F5091DE4-4D1C-4079-9C5E-0B2D970B5074}.Ad-Hoc|iPhone.ActiveCfg = Release|Any CPU
		{F5091DE4-4D1C-4079-9C5E-0B2D970B5074}.Ad-Hoc|iPhone.Build.0 = Release|Any CPU
		{F5091DE4-4D1C-4079-9C5E-0B2D970B5074}.Ad-Hoc|iPhone.Deploy.0 = Release|Any CPU
		{F5091DE4-4D1C-4079-9C5E-0B2D970B5074}.Ad-Hoc|iPhoneSimulator.ActiveCfg = Release|Any CPU
		{F5091DE4-4D1C-4079-9C5E-0B2D970B5074}.Ad-Hoc|iPhoneSimulator.Build.0 = Release|Any CPU
		{F5091DE4-4D1C-4079-9C5E-0B2D970B5074}.Ad-Hoc|iPhoneSimulator.Deploy.0 = Release|Any CPU
		{F5091DE4-4D1C-4079-9C5E-0B2D970B5074}.Ad-Hoc|x64.ActiveCfg = Release|Any CPU
		{F5091DE4-4D1C-4079-9C5E-0B2D970B5074}.Ad-Hoc|x64.Build.0 = Release|Any CPU
		{F5091DE4-4D1C-4079-9C5E-0B2D970B5074}.Ad-Hoc|x64.Deploy.0 = Release|Any CPU
		{F5091DE4-4D1C-4079-9C5E-0B2D970B5074}.Ad-Hoc|x86.ActiveCfg = Release|Any CPU
		{F5091DE4-4D1C-4079-9C5E-0B2D970B5074}.Ad-Hoc|x86.Build.0 = Release|Any CPU
		{F5091DE4-4D1C-4079-9C5E-0B2D970B5074}.Ad-Hoc|x86.Deploy.0 = Release|Any CPU
		{F5091DE4-4D1C-4079-9C5E-0B2D970B5074}.AppStore|Any CPU.ActiveCfg = Release|Any CPU
		{F5091DE4-4D1C-4079-9C5E-0B2D970B5074}.AppStore|Any CPU.Build.0 = Release|Any CPU
		{F5091DE4-4D1C-4079-9C5E-0B2D970B5074}.AppStore|Any CPU.Deploy.0 = Release|Any CPU
		{F5091DE4-4D1C-4079-9C5E-0B2D970B5074}.AppStore|ARM.ActiveCfg = Release|Any CPU
		{F5091DE4-4D1C-4079-9C5E-0B2D970B5074}.AppStore|ARM.Build.0 = Release|Any CPU
		{F5091DE4-4D1C-4079-9C5E-0B2D970B5074}.AppStore|ARM.Deploy.0 = Release|Any CPU
		{F5091DE4-4D1C-4079-9C5E-0B2D970B5074}.AppStore|iPhone.ActiveCfg = Release|Any CPU
		{F5091DE4-4D1C-4079-9C5E-0B2D970B5074}.AppStore|iPhone.Build.0 = Release|Any CPU
		{F5091DE4-4D1C-4079-9C5E-0B2D970B5074}.AppStore|iPhone.Deploy.0 = Release|Any CPU
		{F5091DE4-4D1C-4079-9C5E-0B2D970B5074}.AppStore|iPhoneSimulator.ActiveCfg = Release|Any CPU
		{F5091DE4-4D1C-4079-9C5E-0B2D970B5074}.AppStore|iPhoneSimulator.Build.0 = Release|Any CPU
		{F5091DE4-4D1C-4079-9C5E-0B2D970B5074}.AppStore|iPhoneSimulator.Deploy.0 = Release|Any CPU
		{F5091DE4-4D1C-4079-9C5E-0B2D970B5074}.AppStore|x64.ActiveCfg = Release|Any CPU
		{F5091DE4-4D1C-4079-9C5E-0B2D970B5074}.AppStore|x64.Build.0 = Release|Any CPU
		{F5091DE4-4D1C-4079-9C5E-0B2D970B5074}.AppStore|x64.Deploy.0 = Release|Any CPU
		{F5091DE4-4D1C-4079-9C5E-0B2D970B5074}.AppStore|x86.ActiveCfg = Release|Any CPU
		{F5091DE4-4D1C-4079-9C5E-0B2D970B5074}.AppStore|x86.Build.0 = Release|Any CPU
		{F5091DE4-4D1C-4079-9C5E-0B2D970B5074}.AppStore|x86.Deploy.0 = Release|Any CPU
		{F5091DE4-4D1C-4079-9C5E-0B2D970B5074}.Debug|Any CPU.ActiveCfg = Debug|Any CPU
		{F5091DE4-4D1C-4079-9C5E-0B2D970B5074}.Debug|Any CPU.Build.0 = Debug|Any CPU
		{F5091DE4-4D1C-4079-9C5E-0B2D970B5074}.Debug|Any CPU.Deploy.0 = Debug|Any CPU
		{F5091DE4-4D1C-4079-9C5E-0B2D970B5074}.Debug|ARM.ActiveCfg = Debug|Any CPU
		{F5091DE4-4D1C-4079-9C5E-0B2D970B5074}.Debug|ARM.Build.0 = Debug|Any CPU
		{F5091DE4-4D1C-4079-9C5E-0B2D970B5074}.Debug|ARM.Deploy.0 = Debug|Any CPU
		{F5091DE4-4D1C-4079-9C5E-0B2D970B5074}.Debug|iPhone.ActiveCfg = Debug|Any CPU
		{F5091DE4-4D1C-4079-9C5E-0B2D970B5074}.Debug|iPhoneSimulator.ActiveCfg = Debug|Any CPU
		{F5091DE4-4D1C-4079-9C5E-0B2D970B5074}.Debug|iPhoneSimulator.Build.0 = Debug|Any CPU
		{F5091DE4-4D1C-4079-9C5E-0B2D970B5074}.Debug|iPhoneSimulator.Deploy.0 = Debug|Any CPU
		{F5091DE4-4D1C-4079-9C5E-0B2D970B5074}.Debug|x64.ActiveCfg = Debug|Any CPU
		{F5091DE4-4D1C-4079-9C5E-0B2D970B5074}.Debug|x64.Build.0 = Debug|Any CPU
		{F5091DE4-4D1C-4079-9C5E-0B2D970B5074}.Debug|x64.Deploy.0 = Debug|Any CPU
		{F5091DE4-4D1C-4079-9C5E-0B2D970B5074}.Debug|x86.ActiveCfg = Debug|Any CPU
		{F5091DE4-4D1C-4079-9C5E-0B2D970B5074}.Release|Any CPU.ActiveCfg = Release|Any CPU
		{F5091DE4-4D1C-4079-9C5E-0B2D970B5074}.Release|Any CPU.Build.0 = Release|Any CPU
		{F5091DE4-4D1C-4079-9C5E-0B2D970B5074}.Release|Any CPU.Deploy.0 = Release|Any CPU
		{F5091DE4-4D1C-4079-9C5E-0B2D970B5074}.Release|ARM.ActiveCfg = Release|Any CPU
		{F5091DE4-4D1C-4079-9C5E-0B2D970B5074}.Release|ARM.Build.0 = Release|Any CPU
		{F5091DE4-4D1C-4079-9C5E-0B2D970B5074}.Release|ARM.Deploy.0 = Release|Any CPU
		{F5091DE4-4D1C-4079-9C5E-0B2D970B5074}.Release|iPhone.ActiveCfg = Release|Any CPU
		{F5091DE4-4D1C-4079-9C5E-0B2D970B5074}.Release|iPhone.Build.0 = Release|Any CPU
		{F5091DE4-4D1C-4079-9C5E-0B2D970B5074}.Release|iPhone.Deploy.0 = Release|Any CPU
		{F5091DE4-4D1C-4079-9C5E-0B2D970B5074}.Release|iPhoneSimulator.ActiveCfg = Release|Any CPU
		{F5091DE4-4D1C-4079-9C5E-0B2D970B5074}.Release|iPhoneSimulator.Build.0 = Release|Any CPU
		{F5091DE4-4D1C-4079-9C5E-0B2D970B5074}.Release|iPhoneSimulator.Deploy.0 = Release|Any CPU
		{F5091DE4-4D1C-4079-9C5E-0B2D970B5074}.Release|x64.ActiveCfg = Release|Any CPU
		{F5091DE4-4D1C-4079-9C5E-0B2D970B5074}.Release|x64.Build.0 = Release|Any CPU
		{F5091DE4-4D1C-4079-9C5E-0B2D970B5074}.Release|x64.Deploy.0 = Release|Any CPU
		{F5091DE4-4D1C-4079-9C5E-0B2D970B5074}.Release|x86.ActiveCfg = Release|Any CPU
		{F5091DE4-4D1C-4079-9C5E-0B2D970B5074}.Release|x86.Build.0 = Release|Any CPU
		{F5091DE4-4D1C-4079-9C5E-0B2D970B5074}.Release|x86.Deploy.0 = Release|Any CPU
		{53756279-21E0-4151-8AB4-4CB64AE3F5DE}.Ad-Hoc|Any CPU.ActiveCfg = Ad-Hoc|iPhone
		{53756279-21E0-4151-8AB4-4CB64AE3F5DE}.Ad-Hoc|ARM.ActiveCfg = Ad-Hoc|iPhone
		{53756279-21E0-4151-8AB4-4CB64AE3F5DE}.Ad-Hoc|iPhone.ActiveCfg = Ad-Hoc|iPhone
		{53756279-21E0-4151-8AB4-4CB64AE3F5DE}.Ad-Hoc|iPhone.Build.0 = Ad-Hoc|iPhone
		{53756279-21E0-4151-8AB4-4CB64AE3F5DE}.Ad-Hoc|iPhoneSimulator.ActiveCfg = Ad-Hoc|iPhoneSimulator
		{53756279-21E0-4151-8AB4-4CB64AE3F5DE}.Ad-Hoc|iPhoneSimulator.Build.0 = Ad-Hoc|iPhoneSimulator
		{53756279-21E0-4151-8AB4-4CB64AE3F5DE}.Ad-Hoc|x64.ActiveCfg = Ad-Hoc|iPhone
		{53756279-21E0-4151-8AB4-4CB64AE3F5DE}.Ad-Hoc|x86.ActiveCfg = Ad-Hoc|iPhone
		{53756279-21E0-4151-8AB4-4CB64AE3F5DE}.AppStore|Any CPU.ActiveCfg = AppStore|iPhone
		{53756279-21E0-4151-8AB4-4CB64AE3F5DE}.AppStore|ARM.ActiveCfg = AppStore|iPhone
		{53756279-21E0-4151-8AB4-4CB64AE3F5DE}.AppStore|iPhone.ActiveCfg = AppStore|iPhone
		{53756279-21E0-4151-8AB4-4CB64AE3F5DE}.AppStore|iPhone.Build.0 = AppStore|iPhone
		{53756279-21E0-4151-8AB4-4CB64AE3F5DE}.AppStore|iPhoneSimulator.ActiveCfg = AppStore|iPhoneSimulator
		{53756279-21E0-4151-8AB4-4CB64AE3F5DE}.AppStore|iPhoneSimulator.Build.0 = AppStore|iPhoneSimulator
		{53756279-21E0-4151-8AB4-4CB64AE3F5DE}.AppStore|x64.ActiveCfg = AppStore|iPhone
		{53756279-21E0-4151-8AB4-4CB64AE3F5DE}.AppStore|x86.ActiveCfg = AppStore|iPhone
		{53756279-21E0-4151-8AB4-4CB64AE3F5DE}.Debug|Any CPU.ActiveCfg = Debug|iPhone
		{53756279-21E0-4151-8AB4-4CB64AE3F5DE}.Debug|ARM.ActiveCfg = Debug|iPhone
		{53756279-21E0-4151-8AB4-4CB64AE3F5DE}.Debug|iPhone.ActiveCfg = Debug|iPhone
		{53756279-21E0-4151-8AB4-4CB64AE3F5DE}.Debug|iPhone.Build.0 = Debug|iPhone
		{53756279-21E0-4151-8AB4-4CB64AE3F5DE}.Debug|iPhoneSimulator.ActiveCfg = Debug|iPhoneSimulator
		{53756279-21E0-4151-8AB4-4CB64AE3F5DE}.Debug|iPhoneSimulator.Build.0 = Debug|iPhoneSimulator
		{53756279-21E0-4151-8AB4-4CB64AE3F5DE}.Debug|x64.ActiveCfg = Debug|iPhone
		{53756279-21E0-4151-8AB4-4CB64AE3F5DE}.Debug|x86.ActiveCfg = Debug|iPhone
		{53756279-21E0-4151-8AB4-4CB64AE3F5DE}.Release|Any CPU.ActiveCfg = Release|iPhone
		{53756279-21E0-4151-8AB4-4CB64AE3F5DE}.Release|ARM.ActiveCfg = Release|iPhone
		{53756279-21E0-4151-8AB4-4CB64AE3F5DE}.Release|iPhone.ActiveCfg = Release|iPhone
		{53756279-21E0-4151-8AB4-4CB64AE3F5DE}.Release|iPhone.Build.0 = Release|iPhone
		{53756279-21E0-4151-8AB4-4CB64AE3F5DE}.Release|iPhoneSimulator.ActiveCfg = Release|iPhoneSimulator
		{53756279-21E0-4151-8AB4-4CB64AE3F5DE}.Release|iPhoneSimulator.Build.0 = Release|iPhoneSimulator
		{53756279-21E0-4151-8AB4-4CB64AE3F5DE}.Release|x64.ActiveCfg = Release|iPhone
		{53756279-21E0-4151-8AB4-4CB64AE3F5DE}.Release|x86.ActiveCfg = Release|iPhone
		{7B1EF56D-B63F-4CC5-9D5C-A172B9A54780}.Ad-Hoc|Any CPU.ActiveCfg = Release|x86
		{7B1EF56D-B63F-4CC5-9D5C-A172B9A54780}.Ad-Hoc|Any CPU.Build.0 = Release|x86
		{7B1EF56D-B63F-4CC5-9D5C-A172B9A54780}.Ad-Hoc|Any CPU.Deploy.0 = Release|x86
		{7B1EF56D-B63F-4CC5-9D5C-A172B9A54780}.Ad-Hoc|ARM.ActiveCfg = Release|ARM
		{7B1EF56D-B63F-4CC5-9D5C-A172B9A54780}.Ad-Hoc|ARM.Build.0 = Release|ARM
		{7B1EF56D-B63F-4CC5-9D5C-A172B9A54780}.Ad-Hoc|ARM.Deploy.0 = Release|ARM
		{7B1EF56D-B63F-4CC5-9D5C-A172B9A54780}.Ad-Hoc|iPhone.ActiveCfg = Release|x86
		{7B1EF56D-B63F-4CC5-9D5C-A172B9A54780}.Ad-Hoc|iPhone.Build.0 = Release|x86
		{7B1EF56D-B63F-4CC5-9D5C-A172B9A54780}.Ad-Hoc|iPhone.Deploy.0 = Release|x86
		{7B1EF56D-B63F-4CC5-9D5C-A172B9A54780}.Ad-Hoc|iPhoneSimulator.ActiveCfg = Release|x86
		{7B1EF56D-B63F-4CC5-9D5C-A172B9A54780}.Ad-Hoc|iPhoneSimulator.Build.0 = Release|x86
		{7B1EF56D-B63F-4CC5-9D5C-A172B9A54780}.Ad-Hoc|iPhoneSimulator.Deploy.0 = Release|x86
		{7B1EF56D-B63F-4CC5-9D5C-A172B9A54780}.Ad-Hoc|x64.ActiveCfg = Release|x64
		{7B1EF56D-B63F-4CC5-9D5C-A172B9A54780}.Ad-Hoc|x64.Build.0 = Release|x64
		{7B1EF56D-B63F-4CC5-9D5C-A172B9A54780}.Ad-Hoc|x64.Deploy.0 = Release|x64
		{7B1EF56D-B63F-4CC5-9D5C-A172B9A54780}.Ad-Hoc|x86.ActiveCfg = Release|x86
		{7B1EF56D-B63F-4CC5-9D5C-A172B9A54780}.Ad-Hoc|x86.Build.0 = Release|x86
		{7B1EF56D-B63F-4CC5-9D5C-A172B9A54780}.Ad-Hoc|x86.Deploy.0 = Release|x86
		{7B1EF56D-B63F-4CC5-9D5C-A172B9A54780}.AppStore|Any CPU.ActiveCfg = Release|x86
		{7B1EF56D-B63F-4CC5-9D5C-A172B9A54780}.AppStore|Any CPU.Build.0 = Release|x86
		{7B1EF56D-B63F-4CC5-9D5C-A172B9A54780}.AppStore|Any CPU.Deploy.0 = Release|x86
		{7B1EF56D-B63F-4CC5-9D5C-A172B9A54780}.AppStore|ARM.ActiveCfg = Release|ARM
		{7B1EF56D-B63F-4CC5-9D5C-A172B9A54780}.AppStore|ARM.Build.0 = Release|ARM
		{7B1EF56D-B63F-4CC5-9D5C-A172B9A54780}.AppStore|ARM.Deploy.0 = Release|ARM
		{7B1EF56D-B63F-4CC5-9D5C-A172B9A54780}.AppStore|iPhone.ActiveCfg = Release|x86
		{7B1EF56D-B63F-4CC5-9D5C-A172B9A54780}.AppStore|iPhone.Build.0 = Release|x86
		{7B1EF56D-B63F-4CC5-9D5C-A172B9A54780}.AppStore|iPhone.Deploy.0 = Release|x86
		{7B1EF56D-B63F-4CC5-9D5C-A172B9A54780}.AppStore|iPhoneSimulator.ActiveCfg = Release|x86
		{7B1EF56D-B63F-4CC5-9D5C-A172B9A54780}.AppStore|iPhoneSimulator.Build.0 = Release|x86
		{7B1EF56D-B63F-4CC5-9D5C-A172B9A54780}.AppStore|iPhoneSimulator.Deploy.0 = Release|x86
		{7B1EF56D-B63F-4CC5-9D5C-A172B9A54780}.AppStore|x64.ActiveCfg = Release|x64
		{7B1EF56D-B63F-4CC5-9D5C-A172B9A54780}.AppStore|x64.Build.0 = Release|x64
		{7B1EF56D-B63F-4CC5-9D5C-A172B9A54780}.AppStore|x64.Deploy.0 = Release|x64
		{7B1EF56D-B63F-4CC5-9D5C-A172B9A54780}.AppStore|x86.ActiveCfg = Release|x86
		{7B1EF56D-B63F-4CC5-9D5C-A172B9A54780}.AppStore|x86.Build.0 = Release|x86
		{7B1EF56D-B63F-4CC5-9D5C-A172B9A54780}.AppStore|x86.Deploy.0 = Release|x86
		{7B1EF56D-B63F-4CC5-9D5C-A172B9A54780}.Debug|Any CPU.ActiveCfg = Debug|x86
		{7B1EF56D-B63F-4CC5-9D5C-A172B9A54780}.Debug|ARM.ActiveCfg = Debug|ARM
		{7B1EF56D-B63F-4CC5-9D5C-A172B9A54780}.Debug|ARM.Build.0 = Debug|ARM
		{7B1EF56D-B63F-4CC5-9D5C-A172B9A54780}.Debug|ARM.Deploy.0 = Debug|ARM
		{7B1EF56D-B63F-4CC5-9D5C-A172B9A54780}.Debug|iPhone.ActiveCfg = Debug|x86
		{7B1EF56D-B63F-4CC5-9D5C-A172B9A54780}.Debug|iPhoneSimulator.ActiveCfg = Debug|x86
		{7B1EF56D-B63F-4CC5-9D5C-A172B9A54780}.Debug|x64.ActiveCfg = Debug|x64
		{7B1EF56D-B63F-4CC5-9D5C-A172B9A54780}.Debug|x64.Build.0 = Debug|x64
		{7B1EF56D-B63F-4CC5-9D5C-A172B9A54780}.Debug|x64.Deploy.0 = Debug|x64
		{7B1EF56D-B63F-4CC5-9D5C-A172B9A54780}.Debug|x86.ActiveCfg = Debug|x86
		{7B1EF56D-B63F-4CC5-9D5C-A172B9A54780}.Debug|x86.Build.0 = Debug|x86
		{7B1EF56D-B63F-4CC5-9D5C-A172B9A54780}.Debug|x86.Deploy.0 = Debug|x86
		{7B1EF56D-B63F-4CC5-9D5C-A172B9A54780}.Release|Any CPU.ActiveCfg = Release|x86
		{7B1EF56D-B63F-4CC5-9D5C-A172B9A54780}.Release|ARM.ActiveCfg = Release|ARM
		{7B1EF56D-B63F-4CC5-9D5C-A172B9A54780}.Release|ARM.Build.0 = Release|ARM
		{7B1EF56D-B63F-4CC5-9D5C-A172B9A54780}.Release|ARM.Deploy.0 = Release|ARM
		{7B1EF56D-B63F-4CC5-9D5C-A172B9A54780}.Release|iPhone.ActiveCfg = Release|x86
		{7B1EF56D-B63F-4CC5-9D5C-A172B9A54780}.Release|iPhoneSimulator.ActiveCfg = Release|x86
		{7B1EF56D-B63F-4CC5-9D5C-A172B9A54780}.Release|x64.ActiveCfg = Release|x64
		{7B1EF56D-B63F-4CC5-9D5C-A172B9A54780}.Release|x64.Build.0 = Release|x64
		{7B1EF56D-B63F-4CC5-9D5C-A172B9A54780}.Release|x64.Deploy.0 = Release|x64
		{7B1EF56D-B63F-4CC5-9D5C-A172B9A54780}.Release|x86.ActiveCfg = Release|x86
		{7B1EF56D-B63F-4CC5-9D5C-A172B9A54780}.Release|x86.Build.0 = Release|x86
		{7B1EF56D-B63F-4CC5-9D5C-A172B9A54780}.Release|x86.Deploy.0 = Release|x86
		{29B80845-5E99-41C2-853D-D9B929E4367D}.Ad-Hoc|Any CPU.ActiveCfg = Debug|Any CPU
		{29B80845-5E99-41C2-853D-D9B929E4367D}.Ad-Hoc|Any CPU.Build.0 = Debug|Any CPU
		{29B80845-5E99-41C2-853D-D9B929E4367D}.Ad-Hoc|ARM.ActiveCfg = Debug|Any CPU
		{29B80845-5E99-41C2-853D-D9B929E4367D}.Ad-Hoc|ARM.Build.0 = Debug|Any CPU
		{29B80845-5E99-41C2-853D-D9B929E4367D}.Ad-Hoc|iPhone.ActiveCfg = Debug|Any CPU
		{29B80845-5E99-41C2-853D-D9B929E4367D}.Ad-Hoc|iPhone.Build.0 = Debug|Any CPU
		{29B80845-5E99-41C2-853D-D9B929E4367D}.Ad-Hoc|iPhoneSimulator.ActiveCfg = Debug|Any CPU
		{29B80845-5E99-41C2-853D-D9B929E4367D}.Ad-Hoc|iPhoneSimulator.Build.0 = Debug|Any CPU
		{29B80845-5E99-41C2-853D-D9B929E4367D}.Ad-Hoc|x64.ActiveCfg = Debug|Any CPU
		{29B80845-5E99-41C2-853D-D9B929E4367D}.Ad-Hoc|x64.Build.0 = Debug|Any CPU
		{29B80845-5E99-41C2-853D-D9B929E4367D}.Ad-Hoc|x86.ActiveCfg = Debug|Any CPU
		{29B80845-5E99-41C2-853D-D9B929E4367D}.Ad-Hoc|x86.Build.0 = Debug|Any CPU
		{29B80845-5E99-41C2-853D-D9B929E4367D}.AppStore|Any CPU.ActiveCfg = Debug|Any CPU
		{29B80845-5E99-41C2-853D-D9B929E4367D}.AppStore|Any CPU.Build.0 = Debug|Any CPU
		{29B80845-5E99-41C2-853D-D9B929E4367D}.AppStore|ARM.ActiveCfg = Debug|Any CPU
		{29B80845-5E99-41C2-853D-D9B929E4367D}.AppStore|ARM.Build.0 = Debug|Any CPU
		{29B80845-5E99-41C2-853D-D9B929E4367D}.AppStore|iPhone.ActiveCfg = Debug|Any CPU
		{29B80845-5E99-41C2-853D-D9B929E4367D}.AppStore|iPhone.Build.0 = Debug|Any CPU
		{29B80845-5E99-41C2-853D-D9B929E4367D}.AppStore|iPhoneSimulator.ActiveCfg = Debug|Any CPU
		{29B80845-5E99-41C2-853D-D9B929E4367D}.AppStore|iPhoneSimulator.Build.0 = Debug|Any CPU
		{29B80845-5E99-41C2-853D-D9B929E4367D}.AppStore|x64.ActiveCfg = Debug|Any CPU
		{29B80845-5E99-41C2-853D-D9B929E4367D}.AppStore|x64.Build.0 = Debug|Any CPU
		{29B80845-5E99-41C2-853D-D9B929E4367D}.AppStore|x86.ActiveCfg = Debug|Any CPU
		{29B80845-5E99-41C2-853D-D9B929E4367D}.AppStore|x86.Build.0 = Debug|Any CPU
		{29B80845-5E99-41C2-853D-D9B929E4367D}.Debug|Any CPU.ActiveCfg = Debug|Any CPU
		{29B80845-5E99-41C2-853D-D9B929E4367D}.Debug|Any CPU.Build.0 = Debug|Any CPU
		{29B80845-5E99-41C2-853D-D9B929E4367D}.Debug|ARM.ActiveCfg = Debug|Any CPU
		{29B80845-5E99-41C2-853D-D9B929E4367D}.Debug|ARM.Build.0 = Debug|Any CPU
		{29B80845-5E99-41C2-853D-D9B929E4367D}.Debug|iPhone.ActiveCfg = Debug|Any CPU
		{29B80845-5E99-41C2-853D-D9B929E4367D}.Debug|iPhone.Build.0 = Debug|Any CPU
		{29B80845-5E99-41C2-853D-D9B929E4367D}.Debug|iPhoneSimulator.ActiveCfg = Debug|Any CPU
		{29B80845-5E99-41C2-853D-D9B929E4367D}.Debug|iPhoneSimulator.Build.0 = Debug|Any CPU
		{29B80845-5E99-41C2-853D-D9B929E4367D}.Debug|x64.ActiveCfg = Debug|Any CPU
		{29B80845-5E99-41C2-853D-D9B929E4367D}.Debug|x64.Build.0 = Debug|Any CPU
		{29B80845-5E99-41C2-853D-D9B929E4367D}.Debug|x86.ActiveCfg = Debug|Any CPU
		{29B80845-5E99-41C2-853D-D9B929E4367D}.Debug|x86.Build.0 = Debug|Any CPU
		{29B80845-5E99-41C2-853D-D9B929E4367D}.Release|Any CPU.ActiveCfg = Release|Any CPU
		{29B80845-5E99-41C2-853D-D9B929E4367D}.Release|Any CPU.Build.0 = Release|Any CPU
		{29B80845-5E99-41C2-853D-D9B929E4367D}.Release|ARM.ActiveCfg = Release|Any CPU
		{29B80845-5E99-41C2-853D-D9B929E4367D}.Release|ARM.Build.0 = Release|Any CPU
		{29B80845-5E99-41C2-853D-D9B929E4367D}.Release|iPhone.ActiveCfg = Release|Any CPU
		{29B80845-5E99-41C2-853D-D9B929E4367D}.Release|iPhone.Build.0 = Release|Any CPU
		{29B80845-5E99-41C2-853D-D9B929E4367D}.Release|iPhoneSimulator.ActiveCfg = Release|Any CPU
		{29B80845-5E99-41C2-853D-D9B929E4367D}.Release|iPhoneSimulator.Build.0 = Release|Any CPU
		{29B80845-5E99-41C2-853D-D9B929E4367D}.Release|x64.ActiveCfg = Release|Any CPU
		{29B80845-5E99-41C2-853D-D9B929E4367D}.Release|x64.Build.0 = Release|Any CPU
		{29B80845-5E99-41C2-853D-D9B929E4367D}.Release|x86.ActiveCfg = Release|Any CPU
		{29B80845-5E99-41C2-853D-D9B929E4367D}.Release|x86.Build.0 = Release|Any CPU
	EndGlobalSection
	GlobalSection(SolutionProperties) = preSolution
		HideSolutionNode = FALSE
	EndGlobalSection
	GlobalSection(ExtensibilityGlobals) = postSolution
		SolutionGuid = {36CC61F3-B22C-417D-9B85-F86D6AEB0A1A}
	EndGlobalSection
EndGlobal
